
Microsoft Visual Studio Solution File, Format Version 12.00
# Visual Studio 15
VisualStudioVersion = 15.0.28307.1145
MinimumVisualStudioVersion = 10.0.40219.1
Project("{8BC9CEB8-8B4A-11D0-8D11-00A0C91BC942}") = "BruteForce_2231", "BruteForceNBackTracking\BruteForceNBackTracking.vcxproj", "{40BA7D4D-67C8-4645-84B6-43A5CE2D568C}"
EndProject
Project("{8BC9CEB8-8B4A-11D0-8D11-00A0C91BC942}") = "BruteForce_1018", "BruteForce_1018\BruteForce_1018.vcxproj", "{05E28523-742F-47CC-950F-5EFDEE690E25}"
EndProject
Project("{8BC9CEB8-8B4A-11D0-8D11-00A0C91BC942}") = "BackTracking_15649", "BackTracking_15649\BackTracking_15649.vcxproj", "{0CA7D220-B97B-47EC-8E54-6A361E9C3DFC}"
EndProject
Project("{8BC9CEB8-8B4A-11D0-8D11-00A0C91BC942}") = "BackTracking_15650", "BackTracking_15650\BackTracking_15650.vcxproj", "{45FC4B18-3A30-4167-A59A-C47F6C3170B4}"
EndProject
Global
	GlobalSection(SolutionConfigurationPlatforms) = preSolution
		Debug|x64 = Debug|x64
		Debug|x86 = Debug|x86
		Release|x64 = Release|x64
		Release|x86 = Release|x86
	EndGlobalSection
	GlobalSection(ProjectConfigurationPlatforms) = postSolution
		{40BA7D4D-67C8-4645-84B6-43A5CE2D568C}.Debug|x64.ActiveCfg = Debug|x64
		{40BA7D4D-67C8-4645-84B6-43A5CE2D568C}.Debug|x64.Build.0 = Debug|x64
		{40BA7D4D-67C8-4645-84B6-43A5CE2D568C}.Debug|x86.ActiveCfg = Debug|Win32
		{40BA7D4D-67C8-4645-84B6-43A5CE2D568C}.Debug|x86.Build.0 = Debug|Win32
		{40BA7D4D-67C8-4645-84B6-43A5CE2D568C}.Release|x64.ActiveCfg = Release|x64
		{40BA7D4D-67C8-4645-84B6-43A5CE2D568C}.Release|x64.Build.0 = Release|x64
		{40BA7D4D-67C8-4645-84B6-43A5CE2D568C}.Release|x86.ActiveCfg = Release|Win32
		{40BA7D4D-67C8-4645-84B6-43A5CE2D568C}.Release|x86.Build.0 = Release|Win32
		{05E28523-742F-47CC-950F-5EFDEE690E25}.Debug|x64.ActiveCfg = Debug|x64
		{05E28523-742F-47CC-950F-5EFDEE690E25}.Debug|x64.Build.0 = Debug|x64
		{05E28523-742F-47CC-950F-5EFDEE690E25}.Debug|x86.ActiveCfg = Debug|Win32
		{05E28523-742F-47CC-950F-5EFDEE690E25}.Debug|x86.Build.0 = Debug|Win32
		{05E28523-742F-47CC-950F-5EFDEE690E25}.Release|x64.ActiveCfg = Release|x64
		{05E28523-742F-47CC-950F-5EFDEE690E25}.Release|x64.Build.0 = Release|x64
		{05E28523-742F-47CC-950F-5EFDEE690E25}.Release|x86.ActiveCfg = Release|Win32
		{05E28523-742F-47CC-950F-5EFDEE690E25}.Release|x86.Build.0 = Release|Win32
		{0CA7D220-B97B-47EC-8E54-6A361E9C3DFC}.Debug|x64.ActiveCfg = Debug|x64
		{0CA7D220-B97B-47EC-8E54-6A361E9C3DFC}.Debug|x64.Build.0 = Debug|x64
		{0CA7D220-B97B-47EC-8E54-6A361E9C3DFC}.Debug|x86.ActiveCfg = Debug|Win32
		{0CA7D220-B97B-47EC-8E54-6A361E9C3DFC}.Debug|x86.Build.0 = Debug|Win32
		{0CA7D220-B97B-47EC-8E54-6A361E9C3DFC}.Release|x64.ActiveCfg = Release|x64
		{0CA7D220-B97B-47EC-8E54-6A361E9C3DFC}.Release|x64.Build.0 = Release|x64
		{0CA7D220-B97B-47EC-8E54-6A361E9C3DFC}.Release|x86.ActiveCfg = Release|Win32
		{0CA7D220-B97B-47EC-8E54-6A361E9C3DFC}.Release|x86.Build.0 = Release|Win32
		{45FC4B18-3A30-4167-A59A-C47F6C3170B4}.Debug|x64.ActiveCfg = Debug|x64
		{45FC4B18-3A30-4167-A59A-C47F6C3170B4}.Debug|x64.Build.0 = Debug|x64
		{45FC4B18-3A30-4167-A59A-C47F6C3170B4}.Debug|x86.ActiveCfg = Debug|Win32
		{45FC4B18-3A30-4167-A59A-C47F6C3170B4}.Debug|x86.Build.0 = Debug|Win32
		{45FC4B18-3A30-4167-A59A-C47F6C3170B4}.Release|x64.ActiveCfg = Release|x64
		{45FC4B18-3A30-4167-A59A-C47F6C3170B4}.Release|x64.Build.0 = Release|x64
		{45FC4B18-3A30-4167-A59A-C47F6C3170B4}.Release|x86.ActiveCfg = Release|Win32
		{45FC4B18-3A30-4167-A59A-C47F6C3170B4}.Release|x86.Build.0 = Release|Win32
	EndGlobalSection
	GlobalSection(SolutionProperties) = preSolution
		HideSolutionNode = FALSE
	EndGlobalSection
	GlobalSection(ExtensibilityGlobals) = postSolution
		SolutionGuid = {912C5CD8-109D-47B1-92B1-724B20FCC664}
	EndGlobalSection
EndGlobal
