
Microsoft Visual Studio Solution File, Format Version 12.00
# Visual Studio 15
VisualStudioVersion = 15.0.28307.1145
MinimumVisualStudioVersion = 10.0.40219.1
Project("{8BC9CEB8-8B4A-11D0-8D11-00A0C91BC942}") = "Stack_Queue_Deque", "Stack_Queue_Deque\Stack_Queue_Deque.vcxproj", "{649AA2FF-EC9F-4EBA-8F24-352295585D6F}"
EndProject
Project("{8BC9CEB8-8B4A-11D0-8D11-00A0C91BC942}") = "Stack_1935", "Stack_1935\Stack_1935.vcxproj", "{F4038D56-03AB-4379-ABEA-950F8BA2FD1C}"
EndProject
Project("{8BC9CEB8-8B4A-11D0-8D11-00A0C91BC942}") = "Queue_1158", "Queue_1158\Queue_1158.vcxproj", "{25C32624-5EAE-4DBF-B236-490C4D99E009}"
EndProject
Project("{8BC9CEB8-8B4A-11D0-8D11-00A0C91BC942}") = "Stack_4949", "Stack_4949\Stack_4949.vcxproj", "{D44AE3BF-AC4B-49BE-8AAD-C981A23CF4F4}"
EndProject
Global
	GlobalSection(SolutionConfigurationPlatforms) = preSolution
		Debug|x64 = Debug|x64
		Debug|x86 = Debug|x86
		Release|x64 = Release|x64
		Release|x86 = Release|x86
	EndGlobalSection
	GlobalSection(ProjectConfigurationPlatforms) = postSolution
		{649AA2FF-EC9F-4EBA-8F24-352295585D6F}.Debug|x64.ActiveCfg = Debug|x64
		{649AA2FF-EC9F-4EBA-8F24-352295585D6F}.Debug|x64.Build.0 = Debug|x64
		{649AA2FF-EC9F-4EBA-8F24-352295585D6F}.Debug|x86.ActiveCfg = Debug|Win32
		{649AA2FF-EC9F-4EBA-8F24-352295585D6F}.Debug|x86.Build.0 = Debug|Win32
		{649AA2FF-EC9F-4EBA-8F24-352295585D6F}.Release|x64.ActiveCfg = Release|x64
		{649AA2FF-EC9F-4EBA-8F24-352295585D6F}.Release|x64.Build.0 = Release|x64
		{649AA2FF-EC9F-4EBA-8F24-352295585D6F}.Release|x86.ActiveCfg = Release|Win32
		{649AA2FF-EC9F-4EBA-8F24-352295585D6F}.Release|x86.Build.0 = Release|Win32
		{F4038D56-03AB-4379-ABEA-950F8BA2FD1C}.Debug|x64.ActiveCfg = Debug|x64
		{F4038D56-03AB-4379-ABEA-950F8BA2FD1C}.Debug|x64.Build.0 = Debug|x64
		{F4038D56-03AB-4379-ABEA-950F8BA2FD1C}.Debug|x86.ActiveCfg = Debug|Win32
		{F4038D56-03AB-4379-ABEA-950F8BA2FD1C}.Debug|x86.Build.0 = Debug|Win32
		{F4038D56-03AB-4379-ABEA-950F8BA2FD1C}.Release|x64.ActiveCfg = Release|x64
		{F4038D56-03AB-4379-ABEA-950F8BA2FD1C}.Release|x64.Build.0 = Release|x64
		{F4038D56-03AB-4379-ABEA-950F8BA2FD1C}.Release|x86.ActiveCfg = Release|Win32
		{F4038D56-03AB-4379-ABEA-950F8BA2FD1C}.Release|x86.Build.0 = Release|Win32
		{25C32624-5EAE-4DBF-B236-490C4D99E009}.Debug|x64.ActiveCfg = Debug|x64
		{25C32624-5EAE-4DBF-B236-490C4D99E009}.Debug|x64.Build.0 = Debug|x64
		{25C32624-5EAE-4DBF-B236-490C4D99E009}.Debug|x86.ActiveCfg = Debug|Win32
		{25C32624-5EAE-4DBF-B236-490C4D99E009}.Debug|x86.Build.0 = Debug|Win32
		{25C32624-5EAE-4DBF-B236-490C4D99E009}.Release|x64.ActiveCfg = Release|x64
		{25C32624-5EAE-4DBF-B236-490C4D99E009}.Release|x64.Build.0 = Release|x64
		{25C32624-5EAE-4DBF-B236-490C4D99E009}.Release|x86.ActiveCfg = Release|Win32
		{25C32624-5EAE-4DBF-B236-490C4D99E009}.Release|x86.Build.0 = Release|Win32
		{D44AE3BF-AC4B-49BE-8AAD-C981A23CF4F4}.Debug|x64.ActiveCfg = Debug|x64
		{D44AE3BF-AC4B-49BE-8AAD-C981A23CF4F4}.Debug|x64.Build.0 = Debug|x64
		{D44AE3BF-AC4B-49BE-8AAD-C981A23CF4F4}.Debug|x86.ActiveCfg = Debug|Win32
		{D44AE3BF-AC4B-49BE-8AAD-C981A23CF4F4}.Debug|x86.Build.0 = Debug|Win32
		{D44AE3BF-AC4B-49BE-8AAD-C981A23CF4F4}.Release|x64.ActiveCfg = Release|x64
		{D44AE3BF-AC4B-49BE-8AAD-C981A23CF4F4}.Release|x64.Build.0 = Release|x64
		{D44AE3BF-AC4B-49BE-8AAD-C981A23CF4F4}.Release|x86.ActiveCfg = Release|Win32
		{D44AE3BF-AC4B-49BE-8AAD-C981A23CF4F4}.Release|x86.Build.0 = Release|Win32
	EndGlobalSection
	GlobalSection(SolutionProperties) = preSolution
		HideSolutionNode = FALSE
	EndGlobalSection
	GlobalSection(ExtensibilityGlobals) = postSolution
		SolutionGuid = {EF781AA6-2E1C-476D-9A3B-812A74E5C66A}
	EndGlobalSection
EndGlobal
