
Microsoft Visual Studio Solution File, Format Version 12.00
# Visual Studio 15
VisualStudioVersion = 15.0.28307.1145
MinimumVisualStudioVersion = 10.0.40219.1
Project("{8BC9CEB8-8B4A-11D0-8D11-00A0C91BC942}") = "DP_2748", "DynamicProgramming\DynamicProgramming.vcxproj", "{095B49A4-049F-4181-ACB3-015020E74D28}"
EndProject
Project("{8BC9CEB8-8B4A-11D0-8D11-00A0C91BC942}") = "DP_15988", "DP_15988\DP_15988.vcxproj", "{E116C873-E14E-4A38-BC97-6895696EFCE1}"
EndProject
Project("{8BC9CEB8-8B4A-11D0-8D11-00A0C91BC942}") = "DP_1757", "DP_1757\DP_1757.vcxproj", "{6AB3DAD5-D556-46ED-9806-14FC13EABC9D}"
EndProject
Project("{8BC9CEB8-8B4A-11D0-8D11-00A0C91BC942}") = "DP_10982", "DP_10982\DP_10982.vcxproj", "{4F818BE8-ABFB-49E5-BC73-76F1FC089336}"
EndProject
Project("{8BC9CEB8-8B4A-11D0-8D11-00A0C91BC942}") = "DP_1463", "DP_1463\DP_1463.vcxproj", "{6097E0F5-58FE-478B-94BE-DB1A900EEE2E}"
EndProject
Global
	GlobalSection(SolutionConfigurationPlatforms) = preSolution
		Debug|x64 = Debug|x64
		Debug|x86 = Debug|x86
		Release|x64 = Release|x64
		Release|x86 = Release|x86
	EndGlobalSection
	GlobalSection(ProjectConfigurationPlatforms) = postSolution
		{095B49A4-049F-4181-ACB3-015020E74D28}.Debug|x64.ActiveCfg = Debug|x64
		{095B49A4-049F-4181-ACB3-015020E74D28}.Debug|x64.Build.0 = Debug|x64
		{095B49A4-049F-4181-ACB3-015020E74D28}.Debug|x86.ActiveCfg = Debug|Win32
		{095B49A4-049F-4181-ACB3-015020E74D28}.Debug|x86.Build.0 = Debug|Win32
		{095B49A4-049F-4181-ACB3-015020E74D28}.Release|x64.ActiveCfg = Release|x64
		{095B49A4-049F-4181-ACB3-015020E74D28}.Release|x64.Build.0 = Release|x64
		{095B49A4-049F-4181-ACB3-015020E74D28}.Release|x86.ActiveCfg = Release|Win32
		{095B49A4-049F-4181-ACB3-015020E74D28}.Release|x86.Build.0 = Release|Win32
		{E116C873-E14E-4A38-BC97-6895696EFCE1}.Debug|x64.ActiveCfg = Debug|x64
		{E116C873-E14E-4A38-BC97-6895696EFCE1}.Debug|x64.Build.0 = Debug|x64
		{E116C873-E14E-4A38-BC97-6895696EFCE1}.Debug|x86.ActiveCfg = Debug|Win32
		{E116C873-E14E-4A38-BC97-6895696EFCE1}.Debug|x86.Build.0 = Debug|Win32
		{E116C873-E14E-4A38-BC97-6895696EFCE1}.Release|x64.ActiveCfg = Release|x64
		{E116C873-E14E-4A38-BC97-6895696EFCE1}.Release|x64.Build.0 = Release|x64
		{E116C873-E14E-4A38-BC97-6895696EFCE1}.Release|x86.ActiveCfg = Release|Win32
		{E116C873-E14E-4A38-BC97-6895696EFCE1}.Release|x86.Build.0 = Release|Win32
		{6AB3DAD5-D556-46ED-9806-14FC13EABC9D}.Debug|x64.ActiveCfg = Debug|x64
		{6AB3DAD5-D556-46ED-9806-14FC13EABC9D}.Debug|x64.Build.0 = Debug|x64
		{6AB3DAD5-D556-46ED-9806-14FC13EABC9D}.Debug|x86.ActiveCfg = Debug|Win32
		{6AB3DAD5-D556-46ED-9806-14FC13EABC9D}.Debug|x86.Build.0 = Debug|Win32
		{6AB3DAD5-D556-46ED-9806-14FC13EABC9D}.Release|x64.ActiveCfg = Release|x64
		{6AB3DAD5-D556-46ED-9806-14FC13EABC9D}.Release|x64.Build.0 = Release|x64
		{6AB3DAD5-D556-46ED-9806-14FC13EABC9D}.Release|x86.ActiveCfg = Release|Win32
		{6AB3DAD5-D556-46ED-9806-14FC13EABC9D}.Release|x86.Build.0 = Release|Win32
		{4F818BE8-ABFB-49E5-BC73-76F1FC089336}.Debug|x64.ActiveCfg = Debug|x64
		{4F818BE8-ABFB-49E5-BC73-76F1FC089336}.Debug|x64.Build.0 = Debug|x64
		{4F818BE8-ABFB-49E5-BC73-76F1FC089336}.Debug|x86.ActiveCfg = Debug|Win32
		{4F818BE8-ABFB-49E5-BC73-76F1FC089336}.Debug|x86.Build.0 = Debug|Win32
		{4F818BE8-ABFB-49E5-BC73-76F1FC089336}.Release|x64.ActiveCfg = Release|x64
		{4F818BE8-ABFB-49E5-BC73-76F1FC089336}.Release|x64.Build.0 = Release|x64
		{4F818BE8-ABFB-49E5-BC73-76F1FC089336}.Release|x86.ActiveCfg = Release|Win32
		{4F818BE8-ABFB-49E5-BC73-76F1FC089336}.Release|x86.Build.0 = Release|Win32
		{6097E0F5-58FE-478B-94BE-DB1A900EEE2E}.Debug|x64.ActiveCfg = Debug|x64
		{6097E0F5-58FE-478B-94BE-DB1A900EEE2E}.Debug|x64.Build.0 = Debug|x64
		{6097E0F5-58FE-478B-94BE-DB1A900EEE2E}.Debug|x86.ActiveCfg = Debug|Win32
		{6097E0F5-58FE-478B-94BE-DB1A900EEE2E}.Debug|x86.Build.0 = Debug|Win32
		{6097E0F5-58FE-478B-94BE-DB1A900EEE2E}.Release|x64.ActiveCfg = Release|x64
		{6097E0F5-58FE-478B-94BE-DB1A900EEE2E}.Release|x64.Build.0 = Release|x64
		{6097E0F5-58FE-478B-94BE-DB1A900EEE2E}.Release|x86.ActiveCfg = Release|Win32
		{6097E0F5-58FE-478B-94BE-DB1A900EEE2E}.Release|x86.Build.0 = Release|Win32
	EndGlobalSection
	GlobalSection(SolutionProperties) = preSolution
		HideSolutionNode = FALSE
	EndGlobalSection
	GlobalSection(ExtensibilityGlobals) = postSolution
		SolutionGuid = {CE80F37A-4AAE-4401-ABEC-4B3A454CC79C}
	EndGlobalSection
EndGlobal
